
Microsoft Visual Studio Solution File, Format Version 12.00
# Visual Studio 2012
Project("{FAE04EC0-301F-11D3-BF4B-00C04F79EFBC}") = "ParcMetre", "ParcMetre.csproj", "{BB865DCC-B1F5-45CC-B4E1-7AAEF1B7F58D}"
EndProject
Global
	GlobalSection(SolutionConfigurationPlatforms) = preSolution
		Debug|Any CPU = Debug|Any CPU
		Release|Any CPU = Release|Any CPU
	EndGlobalSection
	GlobalSection(ProjectConfigurationPlatforms) = postSolution
		{BB865DCC-B1F5-45CC-B4E1-7AAEF1B7F58D}.Debug|Any CPU.ActiveCfg = Debug|Any CPU
		{BB865DCC-B1F5-45CC-B4E1-7AAEF1B7F58D}.Debug|Any CPU.Build.0 = Debug|Any CPU
		{BB865DCC-B1F5-45CC-B4E1-7AAEF1B7F58D}.Release|Any CPU.ActiveCfg = Release|Any CPU
		{BB865DCC-B1F5-45CC-B4E1-7AAEF1B7F58D}.Release|Any CPU.Build.0 = Release|Any CPU
	EndGlobalSection
	GlobalSection(SolutionProperties) = preSolution
		HideSolutionNode = FALSE
	EndGlobalSection
EndGlobal
